{
  "pins" : [
    {
      "identity" : "igaming-ios",
      "kind" : "remoteSourceControl",
      "location" : "https://github.com/PavilionPay/iGaming-iOS",
      "state" : {
        "revision" : "28a70466721a3e8eea8a5f9a8b8c33104be0a8f4",
        "version" : "0.1.0"
      }
    },
    {
      "identity" : "plaid-link-ios",
      "kind" : "remoteSourceControl",
      "location" : "https://github.com/plaid/plaid-link-ios",
      "state" : {
        "revision" : "c675e4b4cd8c72d2c1f2cffdef6c81b0574d365c",
        "version" : "4.7.0"
      }
    }
  ],
  "version" : 2
}
