{
  "originHash" : "c0341d434e7350f2afe06ffcbd403770596937cd4a122e7901eb4264c8adf474",
  "pins" : [
    {
      "identity" : "plaid-link-ios",
      "kind" : "remoteSourceControl",
      "location" : "https://github.com/plaid/plaid-link-ios",
      "state" : {
        "revision" : "e21d859047fc75b69334d106a86df131efd79a9a",
        "version" : "4.7.7"
      }
    }
  ],
  "version" : 3
}
