// !$*UTF8*$!
{
	archiveVersion = 1;
	classes = {
	};
	objectVersion = 60;
	objects = {

/* Begin PBXBuildFile section */
		BE9F8EAD2BFE44A400A0FF5D /* iGamingKit in Frameworks */ = {isa = PBXBuildFile; productRef = BE9F8EAC2BFE44A400A0FF5D /* iGamingKit */; };
		BE9F8EAF2BFE53F000A0FF5D /* CashierModeViewController.swift in Sources */ = {isa = PBXBuildFile; fileRef = BE9F8EAE2BFE53F000A0FF5D /* CashierModeViewController.swift */; };
		BE9F8EB12BFE552800A0FF5D /* CashierModeViewController.xib in Resources */ = {isa = PBXBuildFile; fileRef = BE9F8EB02BFE552800A0FF5D /* CashierModeViewController.xib */; };
		D11B7B8D2B07F51A009070FB /* iGamingDemoApp.swift in Sources */ = {isa = PBXBuildFile; fileRef = D11B7B8C2B07F51A009070FB /* iGamingDemoApp.swift */; };
		D11B7B8F2B07F51A009070FB /* ContentView.swift in Sources */ = {isa = PBXBuildFile; fileRef = D11B7B8E2B07F51A009070FB /* ContentView.swift */; };
		D11B7B912B07F51C009070FB /* Assets.xcassets in Resources */ = {isa = PBXBuildFile; fileRef = D11B7B902B07F51C009070FB /* Assets.xcassets */; };
		D11B7B942B07F51C009070FB /* Preview Assets.xcassets in Resources */ = {isa = PBXBuildFile; fileRef = D11B7B932B07F51C009070FB /* Preview Assets.xcassets */; };
		D11B7B9E2B07FA91009070FB /* OperatorServer.swift in Sources */ = {isa = PBXBuildFile; fileRef = D11B7B9A2B07FA91009070FB /* OperatorServer.swift */; };
		D11B7BA02B07FA91009070FB /* ViewController.swift in Sources */ = {isa = PBXBuildFile; fileRef = D11B7B9C2B07FA91009070FB /* ViewController.swift */; };
		D11B7BA12B07FA91009070FB /* Models.swift in Sources */ = {isa = PBXBuildFile; fileRef = D11B7B9D2B07FA91009070FB /* Models.swift */; };
		D13D2F402B222C8A00085A8B /* BuildEnvironmentVariables.plist in Resources */ = {isa = PBXBuildFile; fileRef = D13D2F3F2B222C8A00085A8B /* BuildEnvironmentVariables.plist */; };
		D13E3E682B7BEC3900A554AD /* ExistingUserInfoView.swift in Sources */ = {isa = PBXBuildFile; fileRef = D13E3E672B7BEC3900A554AD /* ExistingUserInfoView.swift */; };
		D15DA1172B62EC8200A9A618 /* UserInfoView.swift in Sources */ = {isa = PBXBuildFile; fileRef = D15DA1162B62EC8200A9A618 /* UserInfoView.swift */; };
		D16B59942B191582000B2F92 /* BuildEnvironment.swift in Sources */ = {isa = PBXBuildFile; fileRef = D16B59932B191582000B2F92 /* BuildEnvironment.swift */; };
/* End PBXBuildFile section */

/* Begin PBXFileReference section */
		BE8BCDB52C25D134002B3DCD /* Info.plist */ = {isa = PBXFileReference; lastKnownFileType = text.plist; path = Info.plist; sourceTree = "<group>"; };
		BE9F8EAE2BFE53F000A0FF5D /* CashierModeViewController.swift */ = {isa = PBXFileReference; lastKnownFileType = sourcecode.swift; path = CashierModeViewController.swift; sourceTree = "<group>"; };
		BE9F8EB02BFE552800A0FF5D /* CashierModeViewController.xib */ = {isa = PBXFileReference; lastKnownFileType = file.xib; path = CashierModeViewController.xib; sourceTree = "<group>"; };
		D11B7B892B07F51A009070FB /* iGamingDemo.app */ = {isa = PBXFileReference; explicitFileType = wrapper.application; includeInIndex = 0; path = iGamingDemo.app; sourceTree = BUILT_PRODUCTS_DIR; };
		D11B7B8C2B07F51A009070FB /* iGamingDemoApp.swift */ = {isa = PBXFileReference; lastKnownFileType = sourcecode.swift; path = iGamingDemoApp.swift; sourceTree = "<group>"; };
		D11B7B8E2B07F51A009070FB /* ContentView.swift */ = {isa = PBXFileReference; lastKnownFileType = sourcecode.swift; path = ContentView.swift; sourceTree = "<group>"; };
		D11B7B902B07F51C009070FB /* Assets.xcassets */ = {isa = PBXFileReference; lastKnownFileType = folder.assetcatalog; path = Assets.xcassets; sourceTree = "<group>"; };
		D11B7B932B07F51C009070FB /* Preview Assets.xcassets */ = {isa = PBXFileReference; lastKnownFileType = folder.assetcatalog; path = "Preview Assets.xcassets"; sourceTree = "<group>"; };
		D11B7B9A2B07FA91009070FB /* OperatorServer.swift */ = {isa = PBXFileReference; fileEncoding = 4; lastKnownFileType = sourcecode.swift; path = OperatorServer.swift; sourceTree = "<group>"; };
		D11B7B9C2B07FA91009070FB /* ViewController.swift */ = {isa = PBXFileReference; fileEncoding = 4; lastKnownFileType = sourcecode.swift; path = ViewController.swift; sourceTree = "<group>"; };
		D11B7B9D2B07FA91009070FB /* Models.swift */ = {isa = PBXFileReference; fileEncoding = 4; lastKnownFileType = sourcecode.swift; path = Models.swift; sourceTree = "<group>"; };
		D13D2F3F2B222C8A00085A8B /* BuildEnvironmentVariables.plist */ = {isa = PBXFileReference; lastKnownFileType = text.plist.xml; path = BuildEnvironmentVariables.plist; sourceTree = "<group>"; };
		D13D2F412B222CA800085A8B /* appcenter-pre-build.sh */ = {isa = PBXFileReference; lastKnownFileType = text.script.sh; name = "appcenter-pre-build.sh"; path = "../appcenter-pre-build.sh"; sourceTree = "<group>"; };
		D13E3E672B7BEC3900A554AD /* ExistingUserInfoView.swift */ = {isa = PBXFileReference; lastKnownFileType = sourcecode.swift; path = ExistingUserInfoView.swift; sourceTree = "<group>"; };
		D15DA1162B62EC8200A9A618 /* UserInfoView.swift */ = {isa = PBXFileReference; lastKnownFileType = sourcecode.swift; path = UserInfoView.swift; sourceTree = "<group>"; };
		D16B59922B190E37000B2F92 /* iGamingDemo.entitlements */ = {isa = PBXFileReference; lastKnownFileType = text.plist.entitlements; path = iGamingDemo.entitlements; sourceTree = "<group>"; };
		D16B59932B191582000B2F92 /* BuildEnvironment.swift */ = {isa = PBXFileReference; lastKnownFileType = sourcecode.swift; path = BuildEnvironment.swift; sourceTree = "<group>"; };
/* End PBXFileReference section */

/* Begin PBXFrameworksBuildPhase section */
		D11B7B862B07F51A009070FB /* Frameworks */ = {
			isa = PBXFrameworksBuildPhase;
			buildActionMask = 2147483647;
			files = (
				BE9F8EAD2BFE44A400A0FF5D /* iGamingKit in Frameworks */,
			);
			runOnlyForDeploymentPostprocessing = 0;
		};
/* End PBXFrameworksBuildPhase section */

/* Begin PBXGroup section */
		D11B7B802B07F51A009070FB = {
			isa = PBXGroup;
			children = (
				D11B7B8B2B07F51A009070FB /* iGamingDemo */,
				D11B7B8A2B07F51A009070FB /* Products */,
			);
			sourceTree = "<group>";
		};
		D11B7B8A2B07F51A009070FB /* Products */ = {
			isa = PBXGroup;
			children = (
				D11B7B892B07F51A009070FB /* iGamingDemo.app */,
			);
			name = Products;
			sourceTree = "<group>";
		};
		D11B7B8B2B07F51A009070FB /* iGamingDemo */ = {
			isa = PBXGroup;
			children = (
				BE8BCDB52C25D134002B3DCD /* Info.plist */,
				D13D2F412B222CA800085A8B /* appcenter-pre-build.sh */,
				D13D2F3F2B222C8A00085A8B /* BuildEnvironmentVariables.plist */,
				D16B59922B190E37000B2F92 /* iGamingDemo.entitlements */,
				D11B7B8E2B07F51A009070FB /* ContentView.swift */,
				D13E3E672B7BEC3900A554AD /* ExistingUserInfoView.swift */,
				D15DA1162B62EC8200A9A618 /* UserInfoView.swift */,
				D11B7B9C2B07FA91009070FB /* ViewController.swift */,
				BE9F8EAE2BFE53F000A0FF5D /* CashierModeViewController.swift */,
				D16B59932B191582000B2F92 /* BuildEnvironment.swift */,
				D11B7B9A2B07FA91009070FB /* OperatorServer.swift */,
				D11B7B9D2B07FA91009070FB /* Models.swift */,
				D11B7B8C2B07F51A009070FB /* iGamingDemoApp.swift */,
				D11B7B902B07F51C009070FB /* Assets.xcassets */,
				D11B7B922B07F51C009070FB /* Preview Content */,
				BE9F8EB02BFE552800A0FF5D /* CashierModeViewController.xib */,
			);
			path = iGamingDemo;
			sourceTree = "<group>";
		};
		D11B7B922B07F51C009070FB /* Preview Content */ = {
			isa = PBXGroup;
			children = (
				D11B7B932B07F51C009070FB /* Preview Assets.xcassets */,
			);
			path = "Preview Content";
			sourceTree = "<group>";
		};
/* End PBXGroup section */

/* Begin PBXNativeTarget section */
		D11B7B882B07F51A009070FB /* iGamingDemo */ = {
			isa = PBXNativeTarget;
			buildConfigurationList = D11B7B972B07F51C009070FB /* Build configuration list for PBXNativeTarget "iGamingDemo" */;
			buildPhases = (
				D11B7B852B07F51A009070FB /* Sources */,
				D11B7B862B07F51A009070FB /* Frameworks */,
				D11B7B872B07F51A009070FB /* Resources */,
				D13D2F422B22391500085A8B /* ShellScript */,
			);
			buildRules = (
			);
			dependencies = (
			);
			name = iGamingDemo;
			packageProductDependencies = (
				BE9F8EAC2BFE44A400A0FF5D /* iGamingKit */,
			);
			productName = iGamingDemo;
			productReference = D11B7B892B07F51A009070FB /* iGamingDemo.app */;
			productType = "com.apple.product-type.application";
		};
/* End PBXNativeTarget section */

/* Begin PBXProject section */
		D11B7B812B07F51A009070FB /* Project object */ = {
			isa = PBXProject;
			attributes = {
				BuildIndependentTargetsInParallel = 1;
				LastSwiftUpdateCheck = 1430;
				LastUpgradeCheck = 1500;
				TargetAttributes = {
					D11B7B882B07F51A009070FB = {
						CreatedOnToolsVersion = 14.3.1;
					};
				};
			};
			buildConfigurationList = D11B7B842B07F51A009070FB /* Build configuration list for PBXProject "iGamingDemo" */;
			compatibilityVersion = "Xcode 14.0";
			developmentRegion = en;
			hasScannedForEncodings = 0;
			knownRegions = (
				en,
				Base,
			);
			mainGroup = D11B7B802B07F51A009070FB;
			packageReferences = (
				BE9F8EAB2BFE44A400A0FF5D /* XCLocalSwiftPackageReference ".." */,
			);
			productRefGroup = D11B7B8A2B07F51A009070FB /* Products */;
			projectDirPath = "";
			projectRoot = "";
			targets = (
				D11B7B882B07F51A009070FB /* iGamingDemo */,
			);
		};
/* End PBXProject section */

/* Begin PBXResourcesBuildPhase section */
		D11B7B872B07F51A009070FB /* Resources */ = {
			isa = PBXResourcesBuildPhase;
			buildActionMask = 2147483647;
			files = (
				D13D2F402B222C8A00085A8B /* BuildEnvironmentVariables.plist in Resources */,
				BE9F8EB12BFE552800A0FF5D /* CashierModeViewController.xib in Resources */,
				D11B7B942B07F51C009070FB /* Preview Assets.xcassets in Resources */,
				D11B7B912B07F51C009070FB /* Assets.xcassets in Resources */,
			);
			runOnlyForDeploymentPostprocessing = 0;
		};
/* End PBXResourcesBuildPhase section */

/* Begin PBXShellScriptBuildPhase section */
		D13D2F422B22391500085A8B /* ShellScript */ = {
			isa = PBXShellScriptBuildPhase;
			alwaysOutOfDate = 1;
			buildActionMask = 2147483647;
			files = (
			);
			inputFileListPaths = (
			);
			inputPaths = (
			);
			outputFileListPaths = (
			);
			outputPaths = (
			);
			runOnlyForDeploymentPostprocessing = 0;
			shellPath = /bin/sh;
			shellScript = "# Type a script or drag a script file from your workspace to insert its path.\n\n# Path to the project directory\nproject_dir=\"${PROJECT_DIR}/${PROJECT_NAME}\"\n\nentitlements=\"${TARGET_TEMP_DIR}/${FULL_PRODUCT_NAME}.xcent\"\n#entitlements=\"${project_dir}/TestPlace.plist\"\necho \"Updating ${entitlements}\"\n\n# Extract the value of the \"AssociatedDomains\" property from the \"BuildEnvironmentVariables.plist\" file\nassociated_domains=$(plutil -extract AssociatedDomains.0 raw -o - \"${project_dir}/BuildEnvironmentVariables.plist\")\n\n# Insert the associated domain in the Entitlements file \nplutil -insert \"com\\.apple\\.developer\\.associated-domains\" -string \"$associated_domains\" -append \"${entitlements}\"\n";
		};
/* End PBXShellScriptBuildPhase section */

/* Begin PBXSourcesBuildPhase section */
		D11B7B852B07F51A009070FB /* Sources */ = {
			isa = PBXSourcesBuildPhase;
			buildActionMask = 2147483647;
			files = (
				D11B7BA02B07FA91009070FB /* ViewController.swift in Sources */,
				D11B7B8F2B07F51A009070FB /* ContentView.swift in Sources */,
				D13E3E682B7BEC3900A554AD /* ExistingUserInfoView.swift in Sources */,
				D11B7B9E2B07FA91009070FB /* OperatorServer.swift in Sources */,
				D15DA1172B62EC8200A9A618 /* UserInfoView.swift in Sources */,
				D16B59942B191582000B2F92 /* BuildEnvironment.swift in Sources */,
				D11B7BA12B07FA91009070FB /* Models.swift in Sources */,
				BE9F8EAF2BFE53F000A0FF5D /* CashierModeViewController.swift in Sources */,
				D11B7B8D2B07F51A009070FB /* iGamingDemoApp.swift in Sources */,
			);
			runOnlyForDeploymentPostprocessing = 0;
		};
/* End PBXSourcesBuildPhase section */

/* Begin XCBuildConfiguration section */
		D11B7B952B07F51C009070FB /* Debug */ = {
			isa = XCBuildConfiguration;
			buildSettings = {
				ALWAYS_SEARCH_USER_PATHS = NO;
				ASSETCATALOG_COMPILER_GENERATE_SWIFT_ASSET_SYMBOL_EXTENSIONS = YES;
				CLANG_ANALYZER_NONNULL = YES;
				CLANG_ANALYZER_NUMBER_OBJECT_CONVERSION = YES_AGGRESSIVE;
				CLANG_CXX_LANGUAGE_STANDARD = "gnu++20";
				CLANG_ENABLE_MODULES = YES;
				CLANG_ENABLE_OBJC_ARC = YES;
				CLANG_ENABLE_OBJC_WEAK = YES;
				CLANG_WARN_BLOCK_CAPTURE_AUTORELEASING = YES;
				CLANG_WARN_BOOL_CONVERSION = YES;
				CLANG_WARN_COMMA = YES;
				CLANG_WARN_CONSTANT_CONVERSION = YES;
				CLANG_WARN_DEPRECATED_OBJC_IMPLEMENTATIONS = YES;
				CLANG_WARN_DIRECT_OBJC_ISA_USAGE = YES_ERROR;
				CLANG_WARN_DOCUMENTATION_COMMENTS = YES;
				CLANG_WARN_EMPTY_BODY = YES;
				CLANG_WARN_ENUM_CONVERSION = YES;
				CLANG_WARN_INFINITE_RECURSION = YES;
				CLANG_WARN_INT_CONVERSION = YES;
				CLANG_WARN_NON_LITERAL_NULL_CONVERSION = YES;
				CLANG_WARN_OBJC_IMPLICIT_RETAIN_SELF = YES;
				CLANG_WARN_OBJC_LITERAL_CONVERSION = YES;
				CLANG_WARN_OBJC_ROOT_CLASS = YES_ERROR;
				CLANG_WARN_QUOTED_INCLUDE_IN_FRAMEWORK_HEADER = YES;
				CLANG_WARN_RANGE_LOOP_ANALYSIS = YES;
				CLANG_WARN_STRICT_PROTOTYPES = YES;
				CLANG_WARN_SUSPICIOUS_MOVE = YES;
				CLANG_WARN_UNGUARDED_AVAILABILITY = YES_AGGRESSIVE;
				CLANG_WARN_UNREACHABLE_CODE = YES;
				CLANG_WARN__DUPLICATE_METHOD_MATCH = YES;
				COPY_PHASE_STRIP = NO;
				DEBUG_INFORMATION_FORMAT = dwarf;
				ENABLE_STRICT_OBJC_MSGSEND = YES;
				ENABLE_TESTABILITY = YES;
				ENABLE_USER_SCRIPT_SANDBOXING = YES;
				GCC_C_LANGUAGE_STANDARD = gnu11;
				GCC_DYNAMIC_NO_PIC = NO;
				GCC_NO_COMMON_BLOCKS = YES;
				GCC_OPTIMIZATION_LEVEL = 0;
				GCC_PREPROCESSOR_DEFINITIONS = (
					"DEBUG=1",
					"$(inherited)",
				);
				GCC_WARN_64_TO_32_BIT_CONVERSION = YES;
				GCC_WARN_ABOUT_RETURN_TYPE = YES_ERROR;
				GCC_WARN_UNDECLARED_SELECTOR = YES;
				GCC_WARN_UNINITIALIZED_AUTOS = YES_AGGRESSIVE;
				GCC_WARN_UNUSED_FUNCTION = YES;
				GCC_WARN_UNUSED_VARIABLE = YES;
				IPHONEOS_DEPLOYMENT_TARGET = 16.4;
				MTL_ENABLE_DEBUG_INFO = INCLUDE_SOURCE;
				MTL_FAST_MATH = YES;
				ONLY_ACTIVE_ARCH = YES;
				SDKROOT = iphoneos;
				SWIFT_ACTIVE_COMPILATION_CONDITIONS = DEBUG;
				SWIFT_OPTIMIZATION_LEVEL = "-Onone";
			};
			name = Debug;
		};
		D11B7B962B07F51C009070FB /* Release */ = {
			isa = XCBuildConfiguration;
			buildSettings = {
				ALWAYS_SEARCH_USER_PATHS = NO;
				ASSETCATALOG_COMPILER_GENERATE_SWIFT_ASSET_SYMBOL_EXTENSIONS = YES;
				CLANG_ANALYZER_NONNULL = YES;
				CLANG_ANALYZER_NUMBER_OBJECT_CONVERSION = YES_AGGRESSIVE;
				CLANG_CXX_LANGUAGE_STANDARD = "gnu++20";
				CLANG_ENABLE_MODULES = YES;
				CLANG_ENABLE_OBJC_ARC = YES;
				CLANG_ENABLE_OBJC_WEAK = YES;
				CLANG_WARN_BLOCK_CAPTURE_AUTORELEASING = YES;
				CLANG_WARN_BOOL_CONVERSION = YES;
				CLANG_WARN_COMMA = YES;
				CLANG_WARN_CONSTANT_CONVERSION = YES;
				CLANG_WARN_DEPRECATED_OBJC_IMPLEMENTATIONS = YES;
				CLANG_WARN_DIRECT_OBJC_ISA_USAGE = YES_ERROR;
				CLANG_WARN_DOCUMENTATION_COMMENTS = YES;
				CLANG_WARN_EMPTY_BODY = YES;
				CLANG_WARN_ENUM_CONVERSION = YES;
				CLANG_WARN_INFINITE_RECURSION = YES;
				CLANG_WARN_INT_CONVERSION = YES;
				CLANG_WARN_NON_LITERAL_NULL_CONVERSION = YES;
				CLANG_WARN_OBJC_IMPLICIT_RETAIN_SELF = YES;
				CLANG_WARN_OBJC_LITERAL_CONVERSION = YES;
				CLANG_WARN_OBJC_ROOT_CLASS = YES_ERROR;
				CLANG_WARN_QUOTED_INCLUDE_IN_FRAMEWORK_HEADER = YES;
				CLANG_WARN_RANGE_LOOP_ANALYSIS = YES;
				CLANG_WARN_STRICT_PROTOTYPES = YES;
				CLANG_WARN_SUSPICIOUS_MOVE = YES;
				CLANG_WARN_UNGUARDED_AVAILABILITY = YES_AGGRESSIVE;
				CLANG_WARN_UNREACHABLE_CODE = YES;
				CLANG_WARN__DUPLICATE_METHOD_MATCH = YES;
				COPY_PHASE_STRIP = NO;
				DEBUG_INFORMATION_FORMAT = "dwarf-with-dsym";
				ENABLE_NS_ASSERTIONS = NO;
				ENABLE_STRICT_OBJC_MSGSEND = YES;
				ENABLE_USER_SCRIPT_SANDBOXING = YES;
				GCC_C_LANGUAGE_STANDARD = gnu11;
				GCC_NO_COMMON_BLOCKS = YES;
				GCC_WARN_64_TO_32_BIT_CONVERSION = YES;
				GCC_WARN_ABOUT_RETURN_TYPE = YES_ERROR;
				GCC_WARN_UNDECLARED_SELECTOR = YES;
				GCC_WARN_UNINITIALIZED_AUTOS = YES_AGGRESSIVE;
				GCC_WARN_UNUSED_FUNCTION = YES;
				GCC_WARN_UNUSED_VARIABLE = YES;
				IPHONEOS_DEPLOYMENT_TARGET = 16.4;
				MTL_ENABLE_DEBUG_INFO = NO;
				MTL_FAST_MATH = YES;
				SDKROOT = iphoneos;
				SWIFT_COMPILATION_MODE = wholemodule;
				SWIFT_OPTIMIZATION_LEVEL = "-O";
				VALIDATE_PRODUCT = YES;
			};
			name = Release;
		};
		D11B7B982B07F51C009070FB /* Debug */ = {
			isa = XCBuildConfiguration;
			buildSettings = {
				ASSETCATALOG_COMPILER_APPICON_NAME = AppIcon;
				ASSETCATALOG_COMPILER_GLOBAL_ACCENT_COLOR_NAME = AccentColor;
				CODE_SIGN_ENTITLEMENTS = iGamingDemo/iGamingDemo.entitlements;
				CODE_SIGN_IDENTITY = "Apple Development";
				CODE_SIGN_STYLE = Automatic;
				CURRENT_PROJECT_VERSION = 5;
				DEVELOPMENT_ASSET_PATHS = "\"iGamingDemo/Preview Content\"";
				DEVELOPMENT_TEAM = BW4X72F22B;
				ENABLE_PREVIEWS = YES;
				ENABLE_USER_SCRIPT_SANDBOXING = NO;
				GENERATE_INFOPLIST_FILE = YES;
				INFOPLIST_FILE = iGamingDemo/Info.plist;
				INFOPLIST_KEY_NSCameraUsageDescription = "ID Verification";
				INFOPLIST_KEY_UIApplicationSceneManifest_Generation = YES;
				INFOPLIST_KEY_UIApplicationSupportsIndirectInputEvents = YES;
				INFOPLIST_KEY_UILaunchScreen_Generation = YES;
				INFOPLIST_KEY_UISupportedInterfaceOrientations_iPad = "UIInterfaceOrientationPortrait UIInterfaceOrientationPortraitUpsideDown UIInterfaceOrientationLandscapeLeft UIInterfaceOrientationLandscapeRight";
				INFOPLIST_KEY_UISupportedInterfaceOrientations_iPhone = "UIInterfaceOrientationPortrait UIInterfaceOrientationLandscapeLeft UIInterfaceOrientationLandscapeRight";
				LD_RUNPATH_SEARCH_PATHS = (
					"$(inherited)",
					"@executable_path/Frameworks",
				);
				MARKETING_VERSION = 1.0.1;
				PRODUCT_BUNDLE_IDENTIFIER = com.pavilionpay.iGamingDemo;
				PRODUCT_NAME = "$(TARGET_NAME)";
				PROVISIONING_PROFILE_SPECIFIER = "";
				SWIFT_EMIT_LOC_STRINGS = YES;
				SWIFT_VERSION = 5.0;
				TARGETED_DEVICE_FAMILY = "1,2";
			};
			name = Debug;
		};
		D11B7B992B07F51C009070FB /* Release */ = {
			isa = XCBuildConfiguration;
			buildSettings = {
				ASSETCATALOG_COMPILER_APPICON_NAME = AppIcon;
				ASSETCATALOG_COMPILER_GLOBAL_ACCENT_COLOR_NAME = AccentColor;
				CODE_SIGN_ENTITLEMENTS = iGamingDemo/iGamingDemo.entitlements;
				CODE_SIGN_IDENTITY = "Apple Development";
				CODE_SIGN_STYLE = Automatic;
				CURRENT_PROJECT_VERSION = 5;
				DEVELOPMENT_ASSET_PATHS = "\"iGamingDemo/Preview Content\"";
				DEVELOPMENT_TEAM = BW4X72F22B;
				ENABLE_PREVIEWS = YES;
				ENABLE_USER_SCRIPT_SANDBOXING = NO;
				GENERATE_INFOPLIST_FILE = YES;
				INFOPLIST_FILE = iGamingDemo/Info.plist;
				INFOPLIST_KEY_NSCameraUsageDescription = "ID Verification";
				INFOPLIST_KEY_UIApplicationSceneManifest_Generation = YES;
				INFOPLIST_KEY_UIApplicationSupportsIndirectInputEvents = YES;
				INFOPLIST_KEY_UILaunchScreen_Generation = YES;
				INFOPLIST_KEY_UISupportedInterfaceOrientations_iPad = "UIInterfaceOrientationPortrait UIInterfaceOrientationPortraitUpsideDown UIInterfaceOrientationLandscapeLeft UIInterfaceOrientationLandscapeRight";
				INFOPLIST_KEY_UISupportedInterfaceOrientations_iPhone = "UIInterfaceOrientationPortrait UIInterfaceOrientationLandscapeLeft UIInterfaceOrientationLandscapeRight";
				LD_RUNPATH_SEARCH_PATHS = (
					"$(inherited)",
					"@executable_path/Frameworks",
				);
				MARKETING_VERSION = 1.0.1;
				PRODUCT_BUNDLE_IDENTIFIER = com.pavilionpay.iGamingDemo;
				PRODUCT_NAME = "$(TARGET_NAME)";
				PROVISIONING_PROFILE_SPECIFIER = "";
				SWIFT_EMIT_LOC_STRINGS = YES;
				SWIFT_VERSION = 5.0;
				TARGETED_DEVICE_FAMILY = "1,2";
			};
			name = Release;
		};
/* End XCBuildConfiguration section */

/* Begin XCConfigurationList section */
		D11B7B842B07F51A009070FB /* Build configuration list for PBXProject "iGamingDemo" */ = {
			isa = XCConfigurationList;
			buildConfigurations = (
				D11B7B952B07F51C009070FB /* Debug */,
				D11B7B962B07F51C009070FB /* Release */,
			);
			defaultConfigurationIsVisible = 0;
			defaultConfigurationName = Release;
		};
		D11B7B972B07F51C009070FB /* Build configuration list for PBXNativeTarget "iGamingDemo" */ = {
			isa = XCConfigurationList;
			buildConfigurations = (
				D11B7B982B07F51C009070FB /* Debug */,
				D11B7B992B07F51C009070FB /* Release */,
			);
			defaultConfigurationIsVisible = 0;
			defaultConfigurationName = Release;
		};
/* End XCConfigurationList section */

/* Begin XCLocalSwiftPackageReference section */
		BE9F8EAB2BFE44A400A0FF5D /* XCLocalSwiftPackageReference ".." */ = {
			isa = XCLocalSwiftPackageReference;
			relativePath = ..;
		};
/* End XCLocalSwiftPackageReference section */

/* Begin XCSwiftPackageProductDependency section */
		BE9F8EAC2BFE44A400A0FF5D /* iGamingKit */ = {
			isa = XCSwiftPackageProductDependency;
			productName = iGamingKit;
		};
/* End XCSwiftPackageProductDependency section */
	};
	rootObject = D11B7B812B07F51A009070FB /* Project object */;
}
